
Microsoft Visual Studio Solution File, Format Version 12.00
# Visual Studio 2013
VisualStudioVersion = 12.0.0.0
MinimumVisualStudioVersion = 10.0.0.1
Project("{FAE04EC0-301F-11D3-BF4B-00C04F79EFBC}") = "PatchKit.Network", "PatchKit.Network/PatchKit.Network.csproj", "{EE5FBFA6-CF9A-4393-B052-0757457FDFDB}"
EndProject
Project("{FAE04EC0-301F-11D3-BF4B-00C04F79EFBC}") = "Test", "Test\Test.csproj", "{16DC44FD-564D-40C7-82FF-EF698A986D41}"
EndProject
Global
	GlobalSection(SolutionConfigurationPlatforms) = preSolution
		Debug|Any CPU = Debug|Any CPU
		Release|Any CPU = Release|Any CPU
	EndGlobalSection
	GlobalSection(ProjectConfigurationPlatforms) = postSolution
		{EE5FBFA6-CF9A-4393-B052-0757457FDFDB}.Debug|Any CPU.ActiveCfg = Debug|Any CPU
		{EE5FBFA6-CF9A-4393-B052-0757457FDFDB}.Debug|Any CPU.Build.0 = Debug|Any CPU
		{EE5FBFA6-CF9A-4393-B052-0757457FDFDB}.Release|Any CPU.ActiveCfg = Release|Any CPU
		{EE5FBFA6-CF9A-4393-B052-0757457FDFDB}.Release|Any CPU.Build.0 = Release|Any CPU
		{16DC44FD-564D-40C7-82FF-EF698A986D41}.Debug|Any CPU.ActiveCfg = Debug|Any CPU
		{16DC44FD-564D-40C7-82FF-EF698A986D41}.Debug|Any CPU.Build.0 = Debug|Any CPU
		{16DC44FD-564D-40C7-82FF-EF698A986D41}.Release|Any CPU.ActiveCfg = Release|Any CPU
		{16DC44FD-564D-40C7-82FF-EF698A986D41}.Release|Any CPU.Build.0 = Release|Any CPU
	EndGlobalSection
	GlobalSection(SolutionProperties) = preSolution
		HideSolutionNode = FALSE
	EndGlobalSection
EndGlobal
